{
  "name": "lyte-browser-harness",
  "version": "0.0.0",
  "lockfileVersion": 3,
  "requires": true,
  "packages": {
    "": {
      "name": "lyte-browser-harness",
      "version": "0.0.0",
      "dependencies": {
        "rwebtransport": "0.2.2"
      }
    },
    "node_modules/rwebtransport": {
      "version": "0.2.2",
      "resolved": "https://registry.npmjs.org/rwebtransport/-/rwebtransport-0.2.2.tgz",
      "integrity": "sha512-ZjTUGjlyJTgyq6+4red14r0rqTgj3Ol9z4xUaZNqSdq1A0xkYFWHx2AOdQ4BcxxpyI707nCbinO5y+G71nfXrw==",
      "hasInstallScript": true,
      "license": "Apache-2.0",
      "engines": {
        "node": ">=24 <25 || >=26 <27"
      }
    }
  }
}
